<Solution>
  <Folder Name="/Aspire/">
    <Project Path="Aspire/AspireApp.AppHost/AspireApp.AppHost.csproj" Id="a3043152-1b5f-41a1-b82f-e9e8e6fad094" />
    <Project Path="Aspire/AspireApp.ServiceDefaults/AspireApp.ServiceDefaults.csproj" />
  </Folder>
  <Folder Name="/Clients/">
    <Project Path="Clients/BlazorApp/BlazorApp.csproj" />
  </Folder>
  <Folder Name="/Gateway/">
    <Project Path="Gateway/WebStoreGateway/WebStoreGateway.csproj" />
  </Folder>
  <Folder Name="/Services/" />
  <Folder Name="/Services/Feedback/">
    <Project Path="Services/Feedback/WebStoreFeedback.API/WebStoreFeedback.API.csproj" />
    <Project Path="Services/Feedback/WebStoreFeedback.Application/WebStoreFeedback.Application.csproj" Id="e546ead3-274e-406b-bfd0-ef8b6de06f89" />
    <Project Path="Services/Feedback/WebStoreFeedback.Domain/WebStoreFeedback.Domain.csproj" Id="4d0990b3-9e84-411b-b123-195708c215f1" />
    <Project Path="Services/Feedback/WebStoreFeedback.Infrastructure/WebStoreFeedback.Infrastructure.csproj" Id="e6e125d3-b8d7-4573-8e1e-80fc95f347a0" />
  </Folder>
  <Folder Name="/Services/Notification/">
    <Project Path="Services/Notification/WebStoreNotification.API/WebStoreNotification.API.csproj" />
    <Project Path="Services/Notification/WebStoreNotification.Application/WebStoreNotification.Application.csproj" Id="35144a3d-9eb6-4bdb-81d3-f1230fd9dc88" />
    <Project Path="Services/Notification/WebStoreNotification.Domain/WebStoreNotification.Domain.csproj" Id="777eb1ab-9933-4478-969f-9c63a62f7c8a" />
    <Project Path="Services/Notification/WebStoreNotification.Infrastructure/WebStoreNotification.Infrastructure.csproj" Id="51f15a50-4984-41d5-8402-fe47b1e4c4c3" />
  </Folder>
  <Folder Name="/Services/Order/">
    <Project Path="Services/Order/WebStoreOrder.API/WebStoreOrder.API.csproj" />
    <Project Path="Services/Order/WebStoreOrder.Application/WebStoreOrder.Application.csproj" Id="be14b50b-b732-45be-b733-ed989ffeb437" />
    <Project Path="Services/Order/WebStoreOrder.Domain/WebStoreOrder.Domain.csproj" Id="dfd0413b-132e-4f16-84a0-d41129325701" />
    <Project Path="Services/Order/WebStoreOrder.Infrastructure/WebStoreOrder.Infrastructure.csproj" Id="c48b7221-dd68-43c3-a487-5a1dc4206f9b" />
  </Folder>
  <Folder Name="/Services/Product/">
    <Project Path="Services/Product/WebStoreProduct.API/WebStoreProduct.API.csproj" />
    <Project Path="Services/Product/WebStoreProduct.Application/WebStoreProduct.Application.csproj" Id="15898b4c-fff2-47b9-9ea0-03b3e61b8712" />
    <Project Path="Services/Product/WebStoreProduct.Domain/WebStoreProduct.Domain.csproj" Id="b10b449f-efca-4b10-af20-086c7b3777e7" />
    <Project Path="Services/Product/WebStoreProduct.Infrastructure/WebStoreProduct.Infrastructure.csproj" Id="5034a131-fa2e-461e-8c9e-6de00c6058a5" />
  </Folder>
  <Folder Name="/Services/User/">
    <Project Path="Services/User/WebStoreUser.API/WebStoreUser.API.csproj" />
    <Project Path="Services/User/WebStoreUser.Application/WebStoreUser.Application.csproj" Id="943424ba-8123-4bae-a5d6-10ab25a31850" />
    <Project Path="Services/User/WebStoreUser.Domain/WebStoreUser.Domain.csproj" Id="82d1c68e-c4c8-44ae-b11d-7264bd549482" />
    <Project Path="Services/User/WebStoreUser.Infrastructure/WebStoreUser.Infrastructure.csproj" Id="d65215b8-cde3-44ef-a1db-787bdbe2470e" />
  </Folder>
</Solution>
